<?xml version="1.0" encoding="utf-8"?>
<Project ToolsVersion="4.0" xmlns="http://schemas.microsoft.com/developer/msbuild/2003">
  <ItemGroup>
    <Filter Include="Configuration">
      <UniqueIdentifier>{846fb26f-2bd3-4c0f-a064-acb364a52634}</UniqueIdentifier>
    </Filter>
    <Filter Include="Executable">
      <UniqueIdentifier>{90ae0ead-d3a1-43e2-b0d3-015f6892d3c9}</UniqueIdentifier>
    </Filter>
    <Filter Include="Headlines">
      <UniqueIdentifier>{6ecd9cb8-831a-40c5-a09a-e13282e22e29}</UniqueIdentifier>
    </Filter>
    <Filter Include="Resources">
      <UniqueIdentifier>{53aceb5e-745e-451a-b5d7-e56018eb8fdb}</UniqueIdentifier>
    </Filter>
    <Filter Include="Headlines\Revit">
      <UniqueIdentifier>{667c298f-29e9-45e7-aac4-fc5a55f28fc8}</UniqueIdentifier>
    </Filter>
    <Filter Include="Headlines\Revit\Elements">
      <UniqueIdentifier>{5105f131-c90d-45a2-9fc8-b3ed880e9b83}</UniqueIdentifier>
    </Filter>
    <Filter Include="Executable\Revit">
      <UniqueIdentifier>{77a7611e-5014-45e8-85ae-05150b31deb3}</UniqueIdentifier>
    </Filter>
    <Filter Include="Executable\Revit\Elements">
      <UniqueIdentifier>{be36f743-6d9f-42b2-955c-cf06d4982bc0}</UniqueIdentifier>
    </Filter>
  </ItemGroup>
  <ItemGroup>
    <Image Include="Resources\app.ico">
      <Filter>Resources</Filter>
    </Image>
  </ItemGroup>
  <ItemGroup>
    <ResourceCompile Include="Resources\app.rc">
      <Filter>Resources</Filter>
    </ResourceCompile>
  </ItemGroup>
  <ItemGroup>
    <ClInclude Include="Headlines\VPlug.h">
      <Filter>Headlines</Filter>
    </ClInclude>
    <ClInclude Include="Resources\Resource.h">
      <Filter>Resources</Filter>
    </ClInclude>
    <ClInclude Include="Headlines\Revit\Elements\BaseElement.h">
      <Filter>Headlines\Revit\Elements</Filter>
    </ClInclude>
    <ClInclude Include="Headlines\Revit\Elements\WallElement.h">
      <Filter>Headlines\Revit\Elements</Filter>
    </ClInclude>
    <ClInclude Include="Headlines\Revit\Elements\CeilingsElement.h">
      <Filter>Headlines\Revit\Elements</Filter>
    </ClInclude>
    <ClInclude Include="Headlines\Revit\Elements\ColumnElement.h">
      <Filter>Headlines\Revit\Elements</Filter>
    </ClInclude>
    <ClInclude Include="Headlines\Revit\Elements\DoorElement.h">
      <Filter>Headlines\Revit\Elements</Filter>
    </ClInclude>
    <ClInclude Include="Headlines\Revit\Elements\FloorsElement.h">
      <Filter>Headlines\Revit\Elements</Filter>
    </ClInclude>
  </ItemGroup>
  <ItemGroup>
    <ClCompile Include="Executable\AssemblyInfo.cpp">
      <Filter>Executable</Filter>
    </ClCompile>
    <ClCompile Include="Executable\VPlug.cpp">
      <Filter>Executable</Filter>
    </ClCompile>
    <ClCompile Include="Executable\Revit\Elements\BaseElement.cpp">
      <Filter>Executable\Revit\Elements</Filter>
    </ClCompile>
    <ClCompile Include="Executable\Revit\Elements\WallElement.cpp">
      <Filter>Executable\Revit\Elements</Filter>
    </ClCompile>
    <ClCompile Include="Executable\Revit\Elements\CeilingsElement.cpp">
      <Filter>Executable\Revit\Elements</Filter>
    </ClCompile>
    <ClCompile Include="Executable\Revit\Elements\ColumnElement.cpp">
      <Filter>Executable\Revit\Elements</Filter>
    </ClCompile>
    <ClCompile Include="Executable\Revit\Elements\DoorElement.cpp">
      <Filter>Executable\Revit\Elements</Filter>
    </ClCompile>
    <ClCompile Include="Executable\Revit\Elements\FloorsElement.cpp">
      <Filter>Headlines\Revit\Elements</Filter>
    </ClCompile>
  </ItemGroup>
</Project>