<?xml version="1.0" encoding="utf-8"?>
<Project ToolsVersion="4.0" xmlns="http://schemas.microsoft.com/developer/msbuild/2003">
  <ItemGroup>
    <Filter Include="Configuration">
      <UniqueIdentifier>{846fb26f-2bd3-4c0f-a064-acb364a52634}</UniqueIdentifier>
    </Filter>
    <Filter Include="Executable">
      <UniqueIdentifier>{90ae0ead-d3a1-43e2-b0d3-015f6892d3c9}</UniqueIdentifier>
    </Filter>
    <Filter Include="Headlines">
      <UniqueIdentifier>{6ecd9cb8-831a-40c5-a09a-e13282e22e29}</UniqueIdentifier>
    </Filter>
    <Filter Include="Resources">
      <UniqueIdentifier>{53aceb5e-745e-451a-b5d7-e56018eb8fdb}</UniqueIdentifier>
    </Filter>
    <Filter Include="Headlines\Revit">
      <UniqueIdentifier>{667c298f-29e9-45e7-aac4-fc5a55f28fc8}</UniqueIdentifier>
    </Filter>
    <Filter Include="Headlines\Revit\Elements">
      <UniqueIdentifier>{5105f131-c90d-45a2-9fc8-b3ed880e9b83}</UniqueIdentifier>
    </Filter>
    <Filter Include="Executable\Revit">
      <UniqueIdentifier>{77a7611e-5014-45e8-85ae-05150b31deb3}</UniqueIdentifier>
    </Filter>
    <Filter Include="Executable\Revit\Elements">
      <UniqueIdentifier>{be36f743-6d9f-42b2-955c-cf06d4982bc0}</UniqueIdentifier>
    </Filter>
    <Filter Include="Headlines\UI">
      <UniqueIdentifier>{4543d309-fd65-4185-a2e7-600e00f95f84}</UniqueIdentifier>
    </Filter>
    <Filter Include="Headlines\UI\VPForms">
      <UniqueIdentifier>{279926c1-928d-45dd-8a72-f8410233b8c0}</UniqueIdentifier>
    </Filter>
    <Filter Include="Executable\UI">
      <UniqueIdentifier>{286ed6fe-f26b-4c3a-93d3-1d3c6881f42d}</UniqueIdentifier>
    </Filter>
    <Filter Include="Executable\UI\VPForms">
      <UniqueIdentifier>{aa229539-a950-4fb7-90e5-09579d7bba4d}</UniqueIdentifier>
    </Filter>
    <Filter Include="Headlines\UI\VPControls">
      <UniqueIdentifier>{db52db82-1000-4a9e-b099-4725fc28dd39}</UniqueIdentifier>
    </Filter>
    <Filter Include="Executable\UI\VPControls">
      <UniqueIdentifier>{63d6f538-a60e-4d57-b6c4-c63a73c7d00f}</UniqueIdentifier>
    </Filter>
    <Filter Include="Headlines\Commands">
      <UniqueIdentifier>{232065e7-3b14-49be-8ed6-c17ab64f5e02}</UniqueIdentifier>
    </Filter>
    <Filter Include="Executable\Commands">
      <UniqueIdentifier>{a26e5c43-df61-4f04-b50c-614042c1b9ac}</UniqueIdentifier>
    </Filter>
    <Filter Include="Executable\Config">
      <UniqueIdentifier>{b47c4b26-5f81-4f94-8dd6-446320765ab5}</UniqueIdentifier>
    </Filter>
    <Filter Include="Executable\Config\json">
      <UniqueIdentifier>{cd34f828-306e-4080-b9e7-040a9f1aa419}</UniqueIdentifier>
    </Filter>
    <Filter Include="Headlines\Config">
      <UniqueIdentifier>{1edec81b-b12b-40fe-9030-219f4e3569a0}</UniqueIdentifier>
    </Filter>
    <Filter Include="Headlines\Config\json">
      <UniqueIdentifier>{75ec8457-f843-4993-9da2-01e63bf26fed}</UniqueIdentifier>
    </Filter>
    <Filter Include="Headlines\Revit\Services">
      <UniqueIdentifier>{16c9c862-f7ab-4595-be17-33b61904344a}</UniqueIdentifier>
    </Filter>
    <Filter Include="Executable\Revit\Services">
      <UniqueIdentifier>{c6835f07-8bd2-4f0f-beec-f56925e0afbe}</UniqueIdentifier>
    </Filter>
    <Filter Include="Headlines\Revit\Filters">
      <UniqueIdentifier>{83080d26-f7da-4482-afa2-74506fe425e0}</UniqueIdentifier>
    </Filter>
    <Filter Include="Executable\Revit\Filters">
      <UniqueIdentifier>{ce4cf66a-2a2d-43eb-bd4f-742fbb8f10c2}</UniqueIdentifier>
    </Filter>
  </ItemGroup>
  <ItemGroup>
    <Image Include="Resources\app.ico">
      <Filter>Resources</Filter>
    </Image>
  </ItemGroup>
  <ItemGroup>
    <ResourceCompile Include="Resources\app.rc">
      <Filter>Resources</Filter>
    </ResourceCompile>
  </ItemGroup>
  <ItemGroup>
    <ClInclude Include="Headlines\VPlug.h">
      <Filter>Headlines</Filter>
    </ClInclude>
    <ClInclude Include="Resources\Resource.h">
      <Filter>Resources</Filter>
    </ClInclude>
    <ClInclude Include="Headlines\Revit\Elements\BaseElement.h">
      <Filter>Headlines\Revit\Elements</Filter>
    </ClInclude>
    <ClInclude Include="Headlines\Revit\Elements\WallElement.h">
      <Filter>Headlines\Revit\Elements</Filter>
    </ClInclude>
    <ClInclude Include="Headlines\Revit\Elements\CeilingsElement.h">
      <Filter>Headlines\Revit\Elements</Filter>
    </ClInclude>
    <ClInclude Include="Headlines\Revit\Elements\ColumnElement.h">
      <Filter>Headlines\Revit\Elements</Filter>
    </ClInclude>
    <ClInclude Include="Headlines\Revit\Elements\DoorElement.h">
      <Filter>Headlines\Revit\Elements</Filter>
    </ClInclude>
    <ClInclude Include="Headlines\Revit\Elements\FloorsElement.h">
      <Filter>Headlines\Revit\Elements</Filter>
    </ClInclude>
    <ClInclude Include="Headlines\Revit\Elements\GenericModelElement.h">
      <Filter>Headlines\Revit\Elements</Filter>
    </ClInclude>
    <ClInclude Include="Headlines\Revit\Elements\RampElement.h">
      <Filter>Headlines\Revit\Elements</Filter>
    </ClInclude>
    <ClInclude Include="Headlines\Revit\Elements\RoofElement.h">
      <Filter>Headlines\Revit\Elements</Filter>
    </ClInclude>
    <ClInclude Include="Headlines\Revit\Elements\RoomElement.h">
      <Filter>Headlines\Revit\Elements</Filter>
    </ClInclude>
    <ClInclude Include="Headlines\Revit\Elements\StairsElement.h">
      <Filter>Headlines\Revit\Elements</Filter>
    </ClInclude>
    <ClInclude Include="Headlines\Revit\Elements\StairsRailingElement.h">
      <Filter>Headlines\Revit\Elements</Filter>
    </ClInclude>
    <ClInclude Include="Headlines\Revit\Elements\StructuralFramingElement.h">
      <Filter>Headlines\Revit\Elements</Filter>
    </ClInclude>
    <ClInclude Include="Headlines\Revit\Elements\WindowElement.h">
      <Filter>Headlines\Revit\Elements</Filter>
    </ClInclude>
    <ClInclude Include="Headlines\Revit\Elements\StructuralFoundationElement.h">
      <Filter>Headlines\Revit\Elements</Filter>
    </ClInclude>
    <ClInclude Include="Headlines\UI\VPForms\BaseVPForm.h">
      <Filter>Headlines\UI\VPForms</Filter>
    </ClInclude>
    <ClInclude Include="Headlines\UI\VPControls\VPButton.h">
      <Filter>Headlines\UI\VPControls</Filter>
    </ClInclude>
    <ClInclude Include="Headlines\UI\VPControls\VPBaseControl.h">
      <Filter>Headlines\UI\VPControls</Filter>
    </ClInclude>
    <ClInclude Include="Headlines\UI\VPForms\VPFormAuditParameterCommand.h">
      <Filter>Headlines\UI\VPForms</Filter>
    </ClInclude>
    <ClInclude Include="Headlines\Commands\AuditParameterCommand.h">
      <Filter>Headlines\Commands</Filter>
    </ClInclude>
    <ClInclude Include="Headlines\Config\json\json.h">
      <Filter>Headlines\Config\json</Filter>
    </ClInclude>
    <ClInclude Include="Headlines\Config\json\json_reader_base.h">
      <Filter>Headlines\Config\json</Filter>
    </ClInclude>
    <ClInclude Include="Headlines\Revit\Services\BaseService.h">
      <Filter>Headlines\Revit\Services</Filter>
    </ClInclude>
    <ClInclude Include="Headlines\Revit\Filters\ElementCollectorFilter.h">
      <Filter>Headlines\Revit\Filters</Filter>
    </ClInclude>
    <ClInclude Include="Headlines\Revit\Filters\ParameterFilledFilter.h">
      <Filter>Headlines\Revit\Filters</Filter>
    </ClInclude>
  </ItemGroup>
  <ItemGroup>
    <ClCompile Include="Executable\AssemblyInfo.cpp">
      <Filter>Executable</Filter>
    </ClCompile>
    <ClCompile Include="Executable\VPlug.cpp">
      <Filter>Executable</Filter>
    </ClCompile>
    <ClCompile Include="Executable\Revit\Elements\BaseElement.cpp">
      <Filter>Executable\Revit\Elements</Filter>
    </ClCompile>
    <ClCompile Include="Executable\Revit\Elements\WallElement.cpp">
      <Filter>Executable\Revit\Elements</Filter>
    </ClCompile>
    <ClCompile Include="Executable\Revit\Elements\CeilingsElement.cpp">
      <Filter>Executable\Revit\Elements</Filter>
    </ClCompile>
    <ClCompile Include="Executable\Revit\Elements\ColumnElement.cpp">
      <Filter>Executable\Revit\Elements</Filter>
    </ClCompile>
    <ClCompile Include="Executable\Revit\Elements\DoorElement.cpp">
      <Filter>Executable\Revit\Elements</Filter>
    </ClCompile>
    <ClCompile Include="Executable\Revit\Elements\FloorsElement.cpp">
      <Filter>Executable\Revit\Elements</Filter>
    </ClCompile>
    <ClCompile Include="Executable\Revit\Elements\GenericModelElement.cpp">
      <Filter>Executable\Revit\Elements</Filter>
    </ClCompile>
    <ClCompile Include="Executable\Revit\Elements\RampElement.cpp">
      <Filter>Executable\Revit\Elements</Filter>
    </ClCompile>
    <ClCompile Include="Executable\Revit\Elements\RoofElement.cpp">
      <Filter>Executable\Revit\Elements</Filter>
    </ClCompile>
    <ClCompile Include="Executable\Revit\Elements\RoomElement.cpp">
      <Filter>Executable\Revit\Elements</Filter>
    </ClCompile>
    <ClCompile Include="Executable\Revit\Elements\StairsElement.cpp">
      <Filter>Executable\Revit\Elements</Filter>
    </ClCompile>
    <ClCompile Include="Executable\Revit\Elements\StairsRailingElement.cpp">
      <Filter>Executable\Revit\Elements</Filter>
    </ClCompile>
    <ClCompile Include="Executable\Revit\Elements\StructuralFramingElement.cpp">
      <Filter>Executable\Revit\Elements</Filter>
    </ClCompile>
    <ClCompile Include="Executable\Revit\Elements\WindowElement.cpp">
      <Filter>Executable\Revit\Elements</Filter>
    </ClCompile>
    <ClCompile Include="Executable\Revit\Elements\StructuralFoundationElement.cpp">
      <Filter>Executable\Revit\Elements</Filter>
    </ClCompile>
    <ClCompile Include="Executable\UI\VPForms\BaseVPForm.cpp">
      <Filter>Executable\UI\VPForms</Filter>
    </ClCompile>
    <ClCompile Include="Executable\UI\VPControls\VPBaseControl.cpp">
      <Filter>Executable\UI\VPControls</Filter>
    </ClCompile>
    <ClCompile Include="Executable\UI\VPControls\VPButton.cpp">
      <Filter>Executable\UI\VPControls</Filter>
    </ClCompile>
    <ClCompile Include="Executable\UI\VPForms\VPFormAuditParameterCommand.cpp">
      <Filter>Executable\UI\VPForms</Filter>
    </ClCompile>
    <ClCompile Include="Executable\Commands\AuditParameterCommand.cpp">
      <Filter>Executable\Commands</Filter>
    </ClCompile>
    <ClCompile Include="Executable\Config\json\json.cpp">
      <Filter>Executable\Config\json</Filter>
    </ClCompile>
    <ClCompile Include="Executable\Config\json\json_reader_base.cpp">
      <Filter>Executable\Config\json</Filter>
    </ClCompile>
    <ClCompile Include="Executable\Revit\Services\BaseService.cpp">
      <Filter>Executable\Revit\Services</Filter>
    </ClCompile>
    <ClCompile Include="Executable\Revit\Filters\ElementCollectorFilter.cpp">
      <Filter>Executable\Revit\Filters</Filter>
    </ClCompile>
    <ClCompile Include="Executable\Revit\Filters\ParameterFilledFilter.cpp">
      <Filter>Executable\Revit\Filters</Filter>
    </ClCompile>
  </ItemGroup>
</Project>