<?xml version="1.0" encoding="utf-8"?>
<Project ToolsVersion="4.0" xmlns="http://schemas.microsoft.com/developer/msbuild/2003">
  <ItemGroup>
    <Filter Include="Configuration">
      <UniqueIdentifier>{846fb26f-2bd3-4c0f-a064-acb364a52634}</UniqueIdentifier>
    </Filter>
    <Filter Include="Executable">
      <UniqueIdentifier>{90ae0ead-d3a1-43e2-b0d3-015f6892d3c9}</UniqueIdentifier>
    </Filter>
    <Filter Include="Resources">
      <UniqueIdentifier>{53aceb5e-745e-451a-b5d7-e56018eb8fdb}</UniqueIdentifier>
    </Filter>
    <Filter Include="Executable\Revit">
      <UniqueIdentifier>{77a7611e-5014-45e8-85ae-05150b31deb3}</UniqueIdentifier>
    </Filter>
    <Filter Include="Executable\Revit\Elements">
      <UniqueIdentifier>{be36f743-6d9f-42b2-955c-cf06d4982bc0}</UniqueIdentifier>
    </Filter>
    <Filter Include="Executable\UI">
      <UniqueIdentifier>{286ed6fe-f26b-4c3a-93d3-1d3c6881f42d}</UniqueIdentifier>
    </Filter>
    <Filter Include="Executable\Commands">
      <UniqueIdentifier>{a26e5c43-df61-4f04-b50c-614042c1b9ac}</UniqueIdentifier>
    </Filter>
    <Filter Include="Executable\Config">
      <UniqueIdentifier>{b47c4b26-5f81-4f94-8dd6-446320765ab5}</UniqueIdentifier>
    </Filter>
    <Filter Include="Executable\Config\json">
      <UniqueIdentifier>{cd34f828-306e-4080-b9e7-040a9f1aa419}</UniqueIdentifier>
    </Filter>
    <Filter Include="Executable\Revit\Services">
      <UniqueIdentifier>{c6835f07-8bd2-4f0f-beec-f56925e0afbe}</UniqueIdentifier>
    </Filter>
    <Filter Include="Executable\Revit\Filters">
      <UniqueIdentifier>{ce4cf66a-2a2d-43eb-bd4f-742fbb8f10c2}</UniqueIdentifier>
    </Filter>
    <Filter Include="Executable\Export">
      <UniqueIdentifier>{765070e7-407a-457f-bb64-9e0473043c75}</UniqueIdentifier>
    </Filter>
    <Filter Include="Executable\Export\html">
      <UniqueIdentifier>{9d31b860-21bb-4ef7-9cba-f4ba476df77b}</UniqueIdentifier>
    </Filter>
    <Filter Include="Headers">
      <UniqueIdentifier>{6ecd9cb8-831a-40c5-a09a-e13282e22e29}</UniqueIdentifier>
    </Filter>
    <Filter Include="Headers\Revit">
      <UniqueIdentifier>{667c298f-29e9-45e7-aac4-fc5a55f28fc8}</UniqueIdentifier>
    </Filter>
    <Filter Include="Headers\Revit\Elements">
      <UniqueIdentifier>{5105f131-c90d-45a2-9fc8-b3ed880e9b83}</UniqueIdentifier>
    </Filter>
    <Filter Include="Headers\Revit\Services">
      <UniqueIdentifier>{16c9c862-f7ab-4595-be17-33b61904344a}</UniqueIdentifier>
    </Filter>
    <Filter Include="Headers\Revit\Filters">
      <UniqueIdentifier>{83080d26-f7da-4482-afa2-74506fe425e0}</UniqueIdentifier>
    </Filter>
    <Filter Include="Headers\UI">
      <UniqueIdentifier>{4543d309-fd65-4185-a2e7-600e00f95f84}</UniqueIdentifier>
    </Filter>
    <Filter Include="Headers\Commands">
      <UniqueIdentifier>{232065e7-3b14-49be-8ed6-c17ab64f5e02}</UniqueIdentifier>
    </Filter>
    <Filter Include="Headers\Config">
      <UniqueIdentifier>{1edec81b-b12b-40fe-9030-219f4e3569a0}</UniqueIdentifier>
    </Filter>
    <Filter Include="Headers\Config\json">
      <UniqueIdentifier>{75ec8457-f843-4993-9da2-01e63bf26fed}</UniqueIdentifier>
    </Filter>
    <Filter Include="Headers\Export">
      <UniqueIdentifier>{baa3bd2d-e44e-4819-b111-eae8b1361cb8}</UniqueIdentifier>
    </Filter>
    <Filter Include="Headers\Export\html">
      <UniqueIdentifier>{82081d99-b710-403b-b914-e4147a760bfe}</UniqueIdentifier>
    </Filter>
    <Filter Include="Headers\UI\MyForms">
      <UniqueIdentifier>{279926c1-928d-45dd-8a72-f8410233b8c0}</UniqueIdentifier>
    </Filter>
    <Filter Include="Executable\UI\MyForms">
      <UniqueIdentifier>{aa229539-a950-4fb7-90e5-09579d7bba4d}</UniqueIdentifier>
    </Filter>
    <Filter Include="Executable\Domain">
      <UniqueIdentifier>{f17d2c3b-a91e-42a5-87f4-4443e69634c7}</UniqueIdentifier>
    </Filter>
    <Filter Include="Headers\Domain">
      <UniqueIdentifier>{52b470fb-9102-4344-b724-325b7c25a7ed}</UniqueIdentifier>
    </Filter>
  </ItemGroup>
  <ItemGroup>
    <Image Include="Resources\app.ico">
      <Filter>Resources</Filter>
    </Image>
  </ItemGroup>
  <ItemGroup>
    <ResourceCompile Include="Resources\app.rc">
      <Filter>Resources</Filter>
    </ResourceCompile>
  </ItemGroup>
  <ItemGroup>
    <ClInclude Include="Resources\Resource.h">
      <Filter>Resources</Filter>
    </ClInclude>
    <ClInclude Include="Headers\Commands\AuditParameterCommand.h">
      <Filter>Headers\Commands</Filter>
    </ClInclude>
    <ClInclude Include="Headers\Config\json\Json.h">
      <Filter>Headers\Config\json</Filter>
    </ClInclude>
    <ClInclude Include="Headers\Config\json\JsonReaderAuditParameter.h">
      <Filter>Headers\Config\json</Filter>
    </ClInclude>
    <ClInclude Include="Headers\Revit\Elements\BaseElement.h">
      <Filter>Headers\Revit\Elements</Filter>
    </ClInclude>
    <ClInclude Include="Headers\Revit\Filters\ElementCollectorFilter.h">
      <Filter>Headers\Revit\Filters</Filter>
    </ClInclude>
    <ClInclude Include="Headers\Revit\Filters\ParameterFilledFilter.h">
      <Filter>Headers\Revit\Filters</Filter>
    </ClInclude>
    <ClInclude Include="Headers\Revit\Services\BaseService.h">
      <Filter>Headers\Revit\Services</Filter>
    </ClInclude>
    <ClInclude Include="Headers\VPlug.h">
      <Filter>Headers</Filter>
    </ClInclude>
    <ClInclude Include="Headers\Export\html\AuditParameterExportHtml.h">
      <Filter>Headers\Export\html</Filter>
    </ClInclude>
    <ClInclude Include="Headers\UI\MyForms\FormAuditParameter.h">
      <Filter>Headers\UI\MyForms</Filter>
    </ClInclude>
    <ClInclude Include="Headers\UI\MyForms\FormAuditWallOpening.h">
      <Filter>Headers\UI\MyForms</Filter>
    </ClInclude>
    <ClInclude Include="Headers\Commands\AuditWallOpeningCommand.h">
      <Filter>Headers\Commands</Filter>
    </ClInclude>
    <ClInclude Include="Headers\Revit\Elements\WallElement.h">
      <Filter>Headers\Revit\Elements</Filter>
    </ClInclude>
    <ClInclude Include="Headers\Revit\Services\WallService.h">
      <Filter>Headers\Revit\Services</Filter>
    </ClInclude>
    <ClInclude Include="Headers\Export\html\AuditWallOpeningExportHtml.h">
      <Filter>Headers\Export\html</Filter>
    </ClInclude>
    <ClInclude Include="Headers\Domain\ParameterDomain.h">
      <Filter>Headers\Domain</Filter>
    </ClInclude>
    <ClInclude Include="Headers\Domain\ElementDomain.h">
      <Filter>Headers\Domain</Filter>
    </ClInclude>
    <ClInclude Include="Headers\Domain\ReportDomain.h">
      <Filter>Headers\Domain</Filter>
    </ClInclude>
  </ItemGroup>
  <ItemGroup>
    <ClCompile Include="Executable\AssemblyInfo.cpp">
      <Filter>Executable</Filter>
    </ClCompile>
    <ClCompile Include="Executable\VPlug.cpp">
      <Filter>Executable</Filter>
    </ClCompile>
    <ClCompile Include="Executable\Revit\Elements\BaseElement.cpp">
      <Filter>Executable\Revit\Elements</Filter>
    </ClCompile>
    <ClCompile Include="Executable\Commands\AuditParameterCommand.cpp">
      <Filter>Executable\Commands</Filter>
    </ClCompile>
    <ClCompile Include="Executable\Revit\Services\BaseService.cpp">
      <Filter>Executable\Revit\Services</Filter>
    </ClCompile>
    <ClCompile Include="Executable\Revit\Filters\ElementCollectorFilter.cpp">
      <Filter>Executable\Revit\Filters</Filter>
    </ClCompile>
    <ClCompile Include="Executable\Revit\Filters\ParameterFilledFilter.cpp">
      <Filter>Executable\Revit\Filters</Filter>
    </ClCompile>
    <ClCompile Include="Executable\Config\json\Json.cpp">
      <Filter>Executable\Config\json</Filter>
    </ClCompile>
    <ClCompile Include="Executable\Config\json\JsonReaderAuditParameter.cpp">
      <Filter>Executable\Config\json</Filter>
    </ClCompile>
    <ClCompile Include="Executable\Export\html\AuditParameterExportHtml.cpp">
      <Filter>Executable\Export\html</Filter>
    </ClCompile>
    <ClCompile Include="Executable\UI\MyForms\FormAuditParameter.cpp">
      <Filter>Executable\UI\MyForms</Filter>
    </ClCompile>
    <ClCompile Include="Executable\UI\MyForms\FormAuditWallOpening.cpp">
      <Filter>Executable\UI\MyForms</Filter>
    </ClCompile>
    <ClCompile Include="Executable\Commands\AuditWallOpeningCommand.cpp">
      <Filter>Executable\Commands</Filter>
    </ClCompile>
    <ClCompile Include="Executable\Revit\Elements\WallElement.cpp">
      <Filter>Executable\Revit\Elements</Filter>
    </ClCompile>
    <ClCompile Include="Executable\Revit\Services\WallService.cpp">
      <Filter>Executable\Revit\Services</Filter>
    </ClCompile>
    <ClCompile Include="Executable\Export\html\AuditWallOpeningExportHtml.cpp">
      <Filter>Executable\Export\html</Filter>
    </ClCompile>
    <ClCompile Include="Executable\Domain\ParameterDomain.cpp">
      <Filter>Executable\Domain</Filter>
    </ClCompile>
    <ClCompile Include="Executable\Domain\ElementDomain.cpp">
      <Filter>Executable\Domain</Filter>
    </ClCompile>
    <ClCompile Include="Executable\Domain\ReportDomain.cpp">
      <Filter>Executable\Domain</Filter>
    </ClCompile>
  </ItemGroup>
</Project>